
Microsoft Visual Studio Solution File, Format Version 12.00
# Visual Studio Version 17
VisualStudioVersion = 17.1.32414.318
MinimumVisualStudioVersion = 10.0.40219.1
Project("{FAE04EC0-301F-11D3-BF4B-00C04F79EFBC}") = "EncyclopediaOfParentheses", "EncyclopediaOfParentheses.csproj", "{7D308AEA-FD1D-4BAA-B754-7BB9577D64C9}"
EndProject
Global
	GlobalSection(SolutionConfigurationPlatforms) = preSolution
		Debug|x86 = Debug|x86
		Release|x86 = Release|x86
	EndGlobalSection
	GlobalSection(ProjectConfigurationPlatforms) = postSolution
		{7D308AEA-FD1D-4BAA-B754-7BB9577D64C9}.Debug|x86.ActiveCfg = Debug|x86
		{7D308AEA-FD1D-4BAA-B754-7BB9577D64C9}.Debug|x86.Build.0 = Debug|x86
		{7D308AEA-FD1D-4BAA-B754-7BB9577D64C9}.Release|x86.ActiveCfg = Release|x86
		{7D308AEA-FD1D-4BAA-B754-7BB9577D64C9}.Release|x86.Build.0 = Release|x86
	EndGlobalSection
	GlobalSection(SolutionProperties) = preSolution
		HideSolutionNode = FALSE
	EndGlobalSection
	GlobalSection(ExtensibilityGlobals) = postSolution
		SolutionGuid = {EC5026EF-4F17-47BD-90E0-910732699327}
	EndGlobalSection
EndGlobal
